
Microsoft Visual Studio Solution File, Format Version 12.00
Project("{2150E333-8FDC-42A3-9474-1A3956D46DE8}") = "benchmarks", "benchmarks", "{66320409-64EC-F7C5-3DEF-65E7510DAAD1}"
EndProject
Project("{FAE04EC0-301F-11D3-BF4B-00C04F79EFBC}") = "MiniExcel.Benchmarks", "benchmarks\MiniExcel.Benchmarks\MiniExcel.Benchmarks.csproj", "{F7B34F04-2620-68A5-479B-776384AC0AB5}"
EndProject
Project("{2150E333-8FDC-42A3-9474-1A3956D46DE8}") = "Docs and setting", "Docs and setting", "{68829B7C-8144-536A-8B70-711E561F6F12}"
	ProjectSection(SolutionItems) = preProject
		.gitattributes = .gitattributes
		.gitignore = .gitignore
		appveyor.yml = appveyor.yml
		.github\workflows\dotnet.yml = .github\workflows\dotnet.yml
		LICENSE = LICENSE
		README-NuGet.md = README-NuGet.md
		README.md = README.md
		README.zh-CN.md = README.zh-CN.md
		README.zh-Hant.md = README.zh-Hant.md
		.github\workflows\benchmark.yml = .github\workflows\benchmark.yml
		.github\workflows\codeql-analysis.yml = .github\workflows\codeql-analysis.yml
		docs\core_logic_diagram.drawio = docs\core_logic_diagram.drawio
	EndProjectSection
EndProject
Project("{2150E333-8FDC-42A3-9474-1A3956D46DE8}") = "Releases", "Releases", "{37FA14B0-CB55-46E6-AF3E-B5B7A3B4D2F3}"
	ProjectSection(SolutionItems) = preProject
		docs\README.md = docs\README.md
		docs\README.zh-CN.md = docs\README.zh-CN.md
		docs\README.zh-Hant.md = docs\README.zh-Hant.md
	EndProjectSection
EndProject
Project("{2150E333-8FDC-42A3-9474-1A3956D46DE8}") = "src", "src", "{827E0CD3-B72D-47B6-A68D-7590B98EB39B}"
EndProject
Project("{FAE04EC0-301F-11D3-BF4B-00C04F79EFBC}") = "MiniExcel.Core", "src\MiniExcel.Core\MiniExcel.Core.csproj", "{FECA5F96-177A-1184-BE19-E9E71312076F}"
EndProject
Project("{FAE04EC0-301F-11D3-BF4B-00C04F79EFBC}") = "MiniExcel.Csv", "src\MiniExcel.Csv\MiniExcel.Csv.csproj", "{844F09C2-32E1-6F1C-3BC5-4883AD040F3D}"
EndProject
Project("{FAE04EC0-301F-11D3-BF4B-00C04F79EFBC}") = "MiniExcel", "src\MiniExcel\MiniExcel.csproj", "{5C9C51C8-6278-8867-633F-F03FAEE2899F}"
EndProject
Project("{2150E333-8FDC-42A3-9474-1A3956D46DE8}") = "tests", "tests", "{0AB3BF05-4346-4AA6-1389-037BE0695223}"
EndProject
Project("{FAE04EC0-301F-11D3-BF4B-00C04F79EFBC}") = "MiniExcelTests", "tests\MiniExcelTests\MiniExcelTests.csproj", "{76E89A2E-D1DF-05EC-C206-F009DE0FA0A7}"
EndProject
Global
	GlobalSection(SolutionConfigurationPlatforms) = preSolution
		Debug|Any CPU = Debug|Any CPU
		Release|Any CPU = Release|Any CPU
	EndGlobalSection
	GlobalSection(ProjectConfigurationPlatforms) = postSolution
		{F7B34F04-2620-68A5-479B-776384AC0AB5}.Debug|Any CPU.ActiveCfg = Debug|Any CPU
		{F7B34F04-2620-68A5-479B-776384AC0AB5}.Debug|Any CPU.Build.0 = Debug|Any CPU
		{F7B34F04-2620-68A5-479B-776384AC0AB5}.Release|Any CPU.ActiveCfg = Release|Any CPU
		{F7B34F04-2620-68A5-479B-776384AC0AB5}.Release|Any CPU.Build.0 = Release|Any CPU
		{FECA5F96-177A-1184-BE19-E9E71312076F}.Debug|Any CPU.ActiveCfg = Debug|Any CPU
		{FECA5F96-177A-1184-BE19-E9E71312076F}.Debug|Any CPU.Build.0 = Debug|Any CPU
		{FECA5F96-177A-1184-BE19-E9E71312076F}.Release|Any CPU.ActiveCfg = Release|Any CPU
		{FECA5F96-177A-1184-BE19-E9E71312076F}.Release|Any CPU.Build.0 = Release|Any CPU
		{844F09C2-32E1-6F1C-3BC5-4883AD040F3D}.Debug|Any CPU.ActiveCfg = Debug|Any CPU
		{844F09C2-32E1-6F1C-3BC5-4883AD040F3D}.Debug|Any CPU.Build.0 = Debug|Any CPU
		{844F09C2-32E1-6F1C-3BC5-4883AD040F3D}.Release|Any CPU.ActiveCfg = Release|Any CPU
		{844F09C2-32E1-6F1C-3BC5-4883AD040F3D}.Release|Any CPU.Build.0 = Release|Any CPU
		{5C9C51C8-6278-8867-633F-F03FAEE2899F}.Debug|Any CPU.ActiveCfg = Debug|Any CPU
		{5C9C51C8-6278-8867-633F-F03FAEE2899F}.Debug|Any CPU.Build.0 = Debug|Any CPU
		{5C9C51C8-6278-8867-633F-F03FAEE2899F}.Release|Any CPU.ActiveCfg = Release|Any CPU
		{5C9C51C8-6278-8867-633F-F03FAEE2899F}.Release|Any CPU.Build.0 = Release|Any CPU
		{76E89A2E-D1DF-05EC-C206-F009DE0FA0A7}.Debug|Any CPU.ActiveCfg = Debug|Any CPU
		{76E89A2E-D1DF-05EC-C206-F009DE0FA0A7}.Debug|Any CPU.Build.0 = Debug|Any CPU
		{76E89A2E-D1DF-05EC-C206-F009DE0FA0A7}.Release|Any CPU.ActiveCfg = Release|Any CPU
		{76E89A2E-D1DF-05EC-C206-F009DE0FA0A7}.Release|Any CPU.Build.0 = Release|Any CPU
	EndGlobalSection
	GlobalSection(NestedProjects) = preSolution
		{F7B34F04-2620-68A5-479B-776384AC0AB5} = {66320409-64EC-F7C5-3DEF-65E7510DAAD1}
		{FECA5F96-177A-1184-BE19-E9E71312076F} = {827E0CD3-B72D-47B6-A68D-7590B98EB39B}
		{844F09C2-32E1-6F1C-3BC5-4883AD040F3D} = {827E0CD3-B72D-47B6-A68D-7590B98EB39B}
		{5C9C51C8-6278-8867-633F-F03FAEE2899F} = {827E0CD3-B72D-47B6-A68D-7590B98EB39B}
		{76E89A2E-D1DF-05EC-C206-F009DE0FA0A7} = {0AB3BF05-4346-4AA6-1389-037BE0695223}
	EndGlobalSection
EndGlobal
