
Microsoft Visual Studio Solution File, Format Version 12.00
# Visual Studio Version 16
VisualStudioVersion = 16.0.30804.86
MinimumVisualStudioVersion = 10.0.40219.1
Project("{9A19103F-16F7-4668-BE54-9A1E7A4F7556}") = "MiniExcel", "MiniExcel\MiniExcel.csproj", "{097903C9-1F81-4427-B4C8-530CB59687B8}"
EndProject
Project("{2150E333-8FDC-42A3-9474-1A3956D46DE8}") = "Solution Items", "Solution Items", "{2AFABF2E-D6C3-4983-B43A-76ADA2BB2876}"
	ProjectSection(SolutionItems) = preProject
		..\.gitattributes = ..\.gitattributes
		..\.gitignore = ..\.gitignore
		..\LICENSE.md = ..\LICENSE.md
		..\README.md = ..\README.md
	EndProjectSection
EndProject
Project("{9A19103F-16F7-4668-BE54-9A1E7A4F7556}") = "MiniExcelTests", "MiniExcelTests\MiniExcelTests.csproj", "{1B30A8E7-11E1-4A74-95CD-46E36B928F44}"
EndProject
Project("{2150E333-8FDC-42A3-9474-1A3956D46DE8}") = "src", "src", "{CC1E0601-AEC9-42D7-8F6A-3FB3939EED16}"
EndProject
Project("{2150E333-8FDC-42A3-9474-1A3956D46DE8}") = "tests", "tests", "{359A7094-3353-48F2-B3E1-FE9E59698318}"
EndProject
Global
	GlobalSection(SolutionConfigurationPlatforms) = preSolution
		Debug|Any CPU = Debug|Any CPU
		Release|Any CPU = Release|Any CPU
	EndGlobalSection
	GlobalSection(ProjectConfigurationPlatforms) = postSolution
		{097903C9-1F81-4427-B4C8-530CB59687B8}.Debug|Any CPU.ActiveCfg = Debug|Any CPU
		{097903C9-1F81-4427-B4C8-530CB59687B8}.Debug|Any CPU.Build.0 = Debug|Any CPU
		{097903C9-1F81-4427-B4C8-530CB59687B8}.Release|Any CPU.ActiveCfg = Release|Any CPU
		{097903C9-1F81-4427-B4C8-530CB59687B8}.Release|Any CPU.Build.0 = Release|Any CPU
		{1B30A8E7-11E1-4A74-95CD-46E36B928F44}.Debug|Any CPU.ActiveCfg = Debug|Any CPU
		{1B30A8E7-11E1-4A74-95CD-46E36B928F44}.Debug|Any CPU.Build.0 = Debug|Any CPU
		{1B30A8E7-11E1-4A74-95CD-46E36B928F44}.Release|Any CPU.ActiveCfg = Release|Any CPU
		{1B30A8E7-11E1-4A74-95CD-46E36B928F44}.Release|Any CPU.Build.0 = Release|Any CPU
	EndGlobalSection
	GlobalSection(SolutionProperties) = preSolution
		HideSolutionNode = FALSE
	EndGlobalSection
	GlobalSection(NestedProjects) = preSolution
		{097903C9-1F81-4427-B4C8-530CB59687B8} = {CC1E0601-AEC9-42D7-8F6A-3FB3939EED16}
		{1B30A8E7-11E1-4A74-95CD-46E36B928F44} = {359A7094-3353-48F2-B3E1-FE9E59698318}
	EndGlobalSection
	GlobalSection(ExtensibilityGlobals) = postSolution
		SolutionGuid = {51DF25DA-2DCB-4883-90FE-399DA950D4F2}
	EndGlobalSection
EndGlobal
